
Microsoft Visual Studio Solution File, Format Version 12.00
# Visual Studio Version 16
VisualStudioVersion = 16.0.31624.102
MinimumVisualStudioVersion = 10.0.40219.1
Project("{FAE04EC0-301F-11D3-BF4B-00C04F79EFBC}") = "web api", "web api.csproj", "{8A35CD68-E314-4A84-9BBC-53371DEDB4F9}"
EndProject
Global
	GlobalSection(SolutionConfigurationPlatforms) = preSolution
		Debug|Any CPU = Debug|Any CPU
		Release|Any CPU = Release|Any CPU
	EndGlobalSection
	GlobalSection(ProjectConfigurationPlatforms) = postSolution
		{8A35CD68-E314-4A84-9BBC-53371DEDB4F9}.Debug|Any CPU.ActiveCfg = Debug|Any CPU
		{8A35CD68-E314-4A84-9BBC-53371DEDB4F9}.Debug|Any CPU.Build.0 = Debug|Any CPU
		{8A35CD68-E314-4A84-9BBC-53371DEDB4F9}.Release|Any CPU.ActiveCfg = Release|Any CPU
		{8A35CD68-E314-4A84-9BBC-53371DEDB4F9}.Release|Any CPU.Build.0 = Release|Any CPU
	EndGlobalSection
	GlobalSection(SolutionProperties) = preSolution
		HideSolutionNode = FALSE
	EndGlobalSection
	GlobalSection(ExtensibilityGlobals) = postSolution
		SolutionGuid = {EAC86176-6AE7-4575-B2EE-DC5780446250}
	EndGlobalSection
EndGlobal
